
Microsoft Visual Studio Solution File, Format Version 12.00
# Visual Studio Version 16
VisualStudioVersion = 16.0.30128.74
MinimumVisualStudioVersion = 10.0.40219.1
Project("{FAE04EC0-301F-11D3-BF4B-00C04F79EFBC}") = "MvcStructure", "MvcStructure\MvcStructure.csproj", "{40AE2474-4DCC-4786-AF07-8708649E9C26}"
EndProject
Project("{FAE04EC0-301F-11D3-BF4B-00C04F79EFBC}") = "MvcStructure.Models", "MvcStructure.Models\MvcStructure.Models.csproj", "{ECB3C161-E704-4EBC-BA99-A2312F6796C6}"
EndProject
Project("{FAE04EC0-301F-11D3-BF4B-00C04F79EFBC}") = "MvcStructure.Repository", "MvcStructure.Repository\MvcStructure.Repository.csproj", "{FC6B96C0-B3A4-4CEA-87E0-D18BF26BA68D}"
EndProject
Global
	GlobalSection(SolutionConfigurationPlatforms) = preSolution
		Debug|Any CPU = Debug|Any CPU
		Release|Any CPU = Release|Any CPU
	EndGlobalSection
	GlobalSection(ProjectConfigurationPlatforms) = postSolution
		{40AE2474-4DCC-4786-AF07-8708649E9C26}.Debug|Any CPU.ActiveCfg = Debug|Any CPU
		{40AE2474-4DCC-4786-AF07-8708649E9C26}.Debug|Any CPU.Build.0 = Debug|Any CPU
		{40AE2474-4DCC-4786-AF07-8708649E9C26}.Release|Any CPU.ActiveCfg = Release|Any CPU
		{40AE2474-4DCC-4786-AF07-8708649E9C26}.Release|Any CPU.Build.0 = Release|Any CPU
		{ECB3C161-E704-4EBC-BA99-A2312F6796C6}.Debug|Any CPU.ActiveCfg = Debug|Any CPU
		{ECB3C161-E704-4EBC-BA99-A2312F6796C6}.Debug|Any CPU.Build.0 = Debug|Any CPU
		{ECB3C161-E704-4EBC-BA99-A2312F6796C6}.Release|Any CPU.ActiveCfg = Release|Any CPU
		{ECB3C161-E704-4EBC-BA99-A2312F6796C6}.Release|Any CPU.Build.0 = Release|Any CPU
		{FC6B96C0-B3A4-4CEA-87E0-D18BF26BA68D}.Debug|Any CPU.ActiveCfg = Debug|Any CPU
		{FC6B96C0-B3A4-4CEA-87E0-D18BF26BA68D}.Debug|Any CPU.Build.0 = Debug|Any CPU
		{FC6B96C0-B3A4-4CEA-87E0-D18BF26BA68D}.Release|Any CPU.ActiveCfg = Release|Any CPU
		{FC6B96C0-B3A4-4CEA-87E0-D18BF26BA68D}.Release|Any CPU.Build.0 = Release|Any CPU
	EndGlobalSection
	GlobalSection(SolutionProperties) = preSolution
		HideSolutionNode = FALSE
	EndGlobalSection
	GlobalSection(ExtensibilityGlobals) = postSolution
		SolutionGuid = {591BE558-3FA0-419B-A347-23F905A4FA19}
	EndGlobalSection
EndGlobal
